<?xml version="1.0" encoding="utf-8"?>
<Project ToolsVersion="4.0" xmlns="http://schemas.microsoft.com/developer/msbuild/2003">
  <ItemGroup>
    <Filter Include="源文件">
      <UniqueIdentifier>{4FC737F1-C7A5-4376-A066-2A32D752A2FF}</UniqueIdentifier>
      <Extensions>cpp;c;cc;cxx;c++;cppm;ixx;def;odl;idl;hpj;bat;asm;asmx</Extensions>
    </Filter>
    <Filter Include="头文件">
      <UniqueIdentifier>{93995380-89BD-4b04-88EB-625FBE52EBFB}</UniqueIdentifier>
      <Extensions>h;hh;hpp;hxx;h++;hm;inl;inc;ipp;xsd</Extensions>
    </Filter>
    <Filter Include="资源文件">
      <UniqueIdentifier>{67DA6AB6-F800-4c08-8B7A-83BB121AAD01}</UniqueIdentifier>
      <Extensions>rc;ico;cur;bmp;dlg;rc2;rct;bin;rgs;gif;jpg;jpeg;jpe;resx;tiff;tif;png;wav;mfcribbon-ms</Extensions>
    </Filter>
    <Filter Include="头文件\scene">
      <UniqueIdentifier>{16d86a38-bb12-47ac-89e9-6dad320028ef}</UniqueIdentifier>
    </Filter>
    <Filter Include="源文件\scene">
      <UniqueIdentifier>{c1d97a08-5697-4e34-9e19-ed0e07a334b0}</UniqueIdentifier>
    </Filter>
    <Filter Include="头文件\player">
      <UniqueIdentifier>{c3655553-0700-4e62-a465-c481a086184f}</UniqueIdentifier>
    </Filter>
    <Filter Include="源文件\player">
      <UniqueIdentifier>{5c7095da-9964-4379-a250-f32035a254ff}</UniqueIdentifier>
    </Filter>
  </ItemGroup>
  <ItemGroup>
    <ClCompile Include="sources\Animation.cpp">
      <Filter>源文件</Filter>
    </ClCompile>
    <ClCompile Include="sources\Atlas.cpp">
      <Filter>源文件</Filter>
    </ClCompile>
    <ClCompile Include="sources\Camera.cpp">
      <Filter>源文件</Filter>
    </ClCompile>
    <ClCompile Include="sources\main.cpp">
      <Filter>源文件</Filter>
    </ClCompile>
    <ClCompile Include="sources\Platform.cpp">
      <Filter>源文件</Filter>
    </ClCompile>
    <ClCompile Include="sources\Resources.cpp">
      <Filter>源文件</Filter>
    </ClCompile>
    <ClCompile Include="sources\SceneManager.cpp">
      <Filter>源文件</Filter>
    </ClCompile>
    <ClCompile Include="sources\Timer.cpp">
      <Filter>源文件</Filter>
    </ClCompile>
    <ClCompile Include="sources\Utils.cpp">
      <Filter>源文件</Filter>
    </ClCompile>
    <ClCompile Include="sources\SelectScene.cpp">
      <Filter>源文件\scene</Filter>
    </ClCompile>
    <ClCompile Include="sources\MenuScene.cpp">
      <Filter>源文件\scene</Filter>
    </ClCompile>
    <ClCompile Include="sources\GameScene.cpp">
      <Filter>源文件\scene</Filter>
    </ClCompile>
    <ClCompile Include="sources\Player.cpp">
      <Filter>源文件\player</Filter>
    </ClCompile>
    <ClCompile Include="sources\PeashooterPlayer.cpp">
      <Filter>源文件\player</Filter>
    </ClCompile>
    <ClCompile Include="sources\SunflowerPlayer.cpp">
      <Filter>源文件\player</Filter>
    </ClCompile>
  </ItemGroup>
  <ItemGroup>
    <ClInclude Include="sources\Animation.h">
      <Filter>头文件</Filter>
    </ClInclude>
    <ClInclude Include="sources\Atlas.h">
      <Filter>头文件</Filter>
    </ClInclude>
    <ClInclude Include="sources\Camera.h">
      <Filter>头文件</Filter>
    </ClInclude>
    <ClInclude Include="sources\Platform.h">
      <Filter>头文件</Filter>
    </ClInclude>
    <ClInclude Include="sources\Resources.h">
      <Filter>头文件</Filter>
    </ClInclude>
    <ClInclude Include="sources\SceneManager.h">
      <Filter>头文件</Filter>
    </ClInclude>
    <ClInclude Include="sources\Timer.h">
      <Filter>头文件</Filter>
    </ClInclude>
    <ClInclude Include="sources\Utils.h">
      <Filter>头文件</Filter>
    </ClInclude>
    <ClInclude Include="sources\Vector2.h">
      <Filter>头文件</Filter>
    </ClInclude>
    <ClInclude Include="sources\SelectScene.h">
      <Filter>头文件\scene</Filter>
    </ClInclude>
    <ClInclude Include="sources\Scene.h">
      <Filter>头文件\scene</Filter>
    </ClInclude>
    <ClInclude Include="sources\MenuScene.h">
      <Filter>头文件\scene</Filter>
    </ClInclude>
    <ClInclude Include="sources\GameScene.h">
      <Filter>头文件\scene</Filter>
    </ClInclude>
    <ClInclude Include="sources\Player.h">
      <Filter>头文件\player</Filter>
    </ClInclude>
    <ClInclude Include="sources\PeashooterPlayer.h">
      <Filter>头文件\player</Filter>
    </ClInclude>
    <ClInclude Include="sources\SunflowerPlayer.h">
      <Filter>头文件\player</Filter>
    </ClInclude>
    <ClInclude Include="sources\PlayerID.h">
      <Filter>头文件\player</Filter>
    </ClInclude>
  </ItemGroup>
  <ItemGroup>
    <None Include="sources\README.md" />
  </ItemGroup>
</Project>